
Microsoft Visual Studio Solution File, Format Version 12.00
# Visual Studio 11
Project("{FAE04EC0-301F-11D3-BF4B-00C04F79EFBC}") = "CSharpUtils", "CSharpUtils\CSharpUtils.csproj", "{746FADF2-D613-4FFD-8551-2181ADAE3CD1}"
EndProject
Project("{FAE04EC0-301F-11D3-BF4B-00C04F79EFBC}") = "CSharpUtilsTests", "CSharpUtilsTests\CSharpUtilsTests.csproj", "{1ED2F70F-882E-4E15-8604-AFA2E00F3A17}"
EndProject
Project("{2150E333-8FDC-42A3-9474-1A3956D46DE8}") = "Solution Items", "Solution Items", "{AA9876EB-235B-47B7-9ADD-F9D55D033BD3}"
	ProjectSection(SolutionItems) = preProject
		CSharpUtils.vsmdi = CSharpUtils.vsmdi
		Local.testsettings = Local.testsettings
		TraceAndTestImpact.testsettings = TraceAndTestImpact.testsettings
	EndProjectSection
EndProject
Project("{FAE04EC0-301F-11D3-BF4B-00C04F79EFBC}") = "CSharpUtilsDokanMount", "CSharpUtilsDokanMount\CSharpUtilsDokanMount.csproj", "{E0F38C2B-8C1A-4CF6-A96C-D2FADAF1F7E6}"
EndProject
Project("{FAE04EC0-301F-11D3-BF4B-00C04F79EFBC}") = "CSharpUtilsFastcgiTest", "CSharpUtilsFastcgiTest\CSharpUtilsFastcgiTest.csproj", "{5FFBD863-02CA-4962-BC7A-E9BDBF85BEC4}"
EndProject
Project("{FAE04EC0-301F-11D3-BF4B-00C04F79EFBC}") = "CSharpUtilsTemplateTest", "CSharpUtilsTemplateTest\CSharpUtilsTemplateTest.csproj", "{C93718FB-6BA5-4F70-96C7-E9BE0D643899}"
EndProject
Project("{FAE04EC0-301F-11D3-BF4B-00C04F79EFBC}") = "CSharpUtils.Net", "CSharpUtils.Net\CSharpUtils.Net.csproj", "{27186199-B389-422A-B11F-91A18954D617}"
EndProject
Project("{FAE04EC0-301F-11D3-BF4B-00C04F79EFBC}") = "CSharpUtils.Vfs", "CSharpUtils.Vfs\CSharpUtils.Vfs.csproj", "{49F6B357-35AE-498A-9E5A-67AA62A327C6}"
EndProject
Project("{FAE04EC0-301F-11D3-BF4B-00C04F79EFBC}") = "CSharpUtils.Web", "CSharpUtils.Web\CSharpUtils.Web.csproj", "{D0A13475-C3AD-4542-98D8-74C321483F1B}"
EndProject
Project("{FAE04EC0-301F-11D3-BF4B-00C04F79EFBC}") = "CSharpUtils.Templates", "CSharpUtils.Templates\CSharpUtils.Templates.csproj", "{2B30F5D1-64B6-4464-8034-69BD8FE36560}"
EndProject
Project("{FAE04EC0-301F-11D3-BF4B-00C04F79EFBC}") = "CSharpUtils.Process", "CSharpUtils.Process\CSharpUtils.Process.csproj", "{2EB03513-114C-4C63-A874-FE5744076335}"
EndProject
Project("{FAE04EC0-301F-11D3-BF4B-00C04F79EFBC}") = "CSharpUtils.Vfs.Net", "CSharpUtils.Vfs.Net\CSharpUtils.Vfs.Net.csproj", "{0F59FC59-890A-4180-A918-E2FC31419098}"
EndProject
Project("{FAE04EC0-301F-11D3-BF4B-00C04F79EFBC}") = "CSharpUtils.Vfs.Dokan", "CSharpUtils.Vfs.Dokan\CSharpUtils.Vfs.Dokan.csproj", "{DE16548A-DB4C-4249-A25A-30EA35836EF7}"
EndProject
Project("{FAE04EC0-301F-11D3-BF4B-00C04F79EFBC}") = "CSharpUtils.Vfs.Synchronizer", "CSharpUtils.Vfs.Synchronizer\CSharpUtils.Vfs.Synchronizer.csproj", "{F383656E-9DCC-4DE5-B885-1E53993AA171}"
EndProject
Project("{FAE04EC0-301F-11D3-BF4B-00C04F79EFBC}") = "CSharpUtils.Forms", "CSharpUtils.Forms\CSharpUtils.Forms.csproj", "{584318B9-0059-4AC2-98E2-F8D6E32CF71E}"
EndProject
Project("{FAE04EC0-301F-11D3-BF4B-00C04F79EFBC}") = "CSharpUtils.Drawing", "CSharpUtils.Drawing\CSharpUtils.Drawing.csproj", "{9B217880-48AE-43B6-AE1F-DC732FCCBC7A}"
EndProject
Project("{FAE04EC0-301F-11D3-BF4B-00C04F79EFBC}") = "CSharpUtils.Ext", "CSharpUtils.Ext\CSharpUtils.Ext.csproj", "{C017FBBE-EF10-4030-A69E-204E766C8F9D}"
EndProject
Project("{FAE04EC0-301F-11D3-BF4B-00C04F79EFBC}") = "CSharpUtils.45.WebAsync", "CSharpUtils.45.WebAsync\CSharpUtils.45.WebAsync.csproj", "{C1E966E7-EAC4-4962-9354-4F5382C2C176}"
EndProject
Project("{FAE04EC0-301F-11D3-BF4B-00C04F79EFBC}") = "CSharpUtils.45.Sandbox", "CSharpUtils.45.Sandbox\CSharpUtils.45.Sandbox.csproj", "{BB18F36C-2E9B-4E59-BFA5-3EA93881193C}"
EndProject
Project("{FAE04EC0-301F-11D3-BF4B-00C04F79EFBC}") = "CSharpUtils.45.Tests", "CSharpUtils.45.Tests\CSharpUtils.45.Tests.csproj", "{73509EA4-FE36-4168-B56A-FE42C1BDDCB7}"
EndProject
Project("{FAE04EC0-301F-11D3-BF4B-00C04F79EFBC}") = "CSharpUtils.45.RedisAsync", "CSharpUtils.45.Redis\CSharpUtils.45.RedisAsync.csproj", "{FD75FF71-53EE-439D-A0CA-2787DAC59A09}"
EndProject
Project("{FAE04EC0-301F-11D3-BF4B-00C04F79EFBC}") = "CSharpUtils.45.MongoAsync", "CSharpUtils.45.MongoAsync\CSharpUtils.45.MongoAsync.csproj", "{48DCFF18-BC78-44F9-AD9B-9C5A35A73023}"
EndProject
Project("{FAE04EC0-301F-11D3-BF4B-00C04F79EFBC}") = "Bson", "Bson\Bson.csproj", "{0E9A3A2A-49CD-4F6C-847C-DC79B4B65CE6}"
EndProject
Project("{FAE04EC0-301F-11D3-BF4B-00C04F79EFBC}") = "NVorbis", "NVorbis\NVorbis.csproj", "{17F87208-BB96-4500-8E9A-FE800B67A578}"
EndProject
Global
	GlobalSection(TestCaseManagementSettings) = postSolution
		CategoryFile = CSharpUtils.vsmdi
	EndGlobalSection
	GlobalSection(SolutionConfigurationPlatforms) = preSolution
		Debug|Any CPU = Debug|Any CPU
		Debug|Mixed Platforms = Debug|Mixed Platforms
		Debug|x86 = Debug|x86
		Release|Any CPU = Release|Any CPU
		Release|Mixed Platforms = Release|Mixed Platforms
		Release|x86 = Release|x86
	EndGlobalSection
	GlobalSection(ProjectConfigurationPlatforms) = postSolution
		{0E9A3A2A-49CD-4F6C-847C-DC79B4B65CE6}.Debug|Any CPU.ActiveCfg = Debug|Any CPU
		{0E9A3A2A-49CD-4F6C-847C-DC79B4B65CE6}.Debug|Any CPU.Build.0 = Debug|Any CPU
		{0E9A3A2A-49CD-4F6C-847C-DC79B4B65CE6}.Debug|Mixed Platforms.ActiveCfg = Debug|Any CPU
		{0E9A3A2A-49CD-4F6C-847C-DC79B4B65CE6}.Debug|Mixed Platforms.Build.0 = Debug|Any CPU
		{0E9A3A2A-49CD-4F6C-847C-DC79B4B65CE6}.Debug|x86.ActiveCfg = Debug|Any CPU
		{0E9A3A2A-49CD-4F6C-847C-DC79B4B65CE6}.Release|Any CPU.ActiveCfg = Release|Any CPU
		{0E9A3A2A-49CD-4F6C-847C-DC79B4B65CE6}.Release|Any CPU.Build.0 = Release|Any CPU
		{0E9A3A2A-49CD-4F6C-847C-DC79B4B65CE6}.Release|Mixed Platforms.ActiveCfg = Release|Any CPU
		{0E9A3A2A-49CD-4F6C-847C-DC79B4B65CE6}.Release|Mixed Platforms.Build.0 = Release|Any CPU
		{0E9A3A2A-49CD-4F6C-847C-DC79B4B65CE6}.Release|x86.ActiveCfg = Release|Any CPU
		{0F59FC59-890A-4180-A918-E2FC31419098}.Debug|Any CPU.ActiveCfg = Debug|Any CPU
		{0F59FC59-890A-4180-A918-E2FC31419098}.Debug|Any CPU.Build.0 = Debug|Any CPU
		{0F59FC59-890A-4180-A918-E2FC31419098}.Debug|Mixed Platforms.ActiveCfg = Debug|Any CPU
		{0F59FC59-890A-4180-A918-E2FC31419098}.Debug|Mixed Platforms.Build.0 = Debug|Any CPU
		{0F59FC59-890A-4180-A918-E2FC31419098}.Debug|x86.ActiveCfg = Debug|Any CPU
		{0F59FC59-890A-4180-A918-E2FC31419098}.Release|Any CPU.ActiveCfg = Release|Any CPU
		{0F59FC59-890A-4180-A918-E2FC31419098}.Release|Any CPU.Build.0 = Release|Any CPU
		{0F59FC59-890A-4180-A918-E2FC31419098}.Release|Mixed Platforms.ActiveCfg = Release|Any CPU
		{0F59FC59-890A-4180-A918-E2FC31419098}.Release|Mixed Platforms.Build.0 = Release|Any CPU
		{0F59FC59-890A-4180-A918-E2FC31419098}.Release|x86.ActiveCfg = Release|Any CPU
		{17F87208-BB96-4500-8E9A-FE800B67A578}.Debug|Any CPU.ActiveCfg = Debug|Any CPU
		{17F87208-BB96-4500-8E9A-FE800B67A578}.Debug|Any CPU.Build.0 = Debug|Any CPU
		{17F87208-BB96-4500-8E9A-FE800B67A578}.Debug|Mixed Platforms.ActiveCfg = Debug|Any CPU
		{17F87208-BB96-4500-8E9A-FE800B67A578}.Debug|Mixed Platforms.Build.0 = Debug|Any CPU
		{17F87208-BB96-4500-8E9A-FE800B67A578}.Debug|x86.ActiveCfg = Debug|Any CPU
		{17F87208-BB96-4500-8E9A-FE800B67A578}.Release|Any CPU.ActiveCfg = Release|Any CPU
		{17F87208-BB96-4500-8E9A-FE800B67A578}.Release|Any CPU.Build.0 = Release|Any CPU
		{17F87208-BB96-4500-8E9A-FE800B67A578}.Release|Mixed Platforms.ActiveCfg = Release|Any CPU
		{17F87208-BB96-4500-8E9A-FE800B67A578}.Release|Mixed Platforms.Build.0 = Release|Any CPU
		{17F87208-BB96-4500-8E9A-FE800B67A578}.Release|x86.ActiveCfg = Release|Any CPU
		{1ED2F70F-882E-4E15-8604-AFA2E00F3A17}.Debug|Any CPU.ActiveCfg = Debug|Any CPU
		{1ED2F70F-882E-4E15-8604-AFA2E00F3A17}.Debug|Any CPU.Build.0 = Debug|Any CPU
		{1ED2F70F-882E-4E15-8604-AFA2E00F3A17}.Debug|Mixed Platforms.ActiveCfg = Debug|Any CPU
		{1ED2F70F-882E-4E15-8604-AFA2E00F3A17}.Debug|Mixed Platforms.Build.0 = Debug|Any CPU
		{1ED2F70F-882E-4E15-8604-AFA2E00F3A17}.Debug|x86.ActiveCfg = Debug|Any CPU
		{1ED2F70F-882E-4E15-8604-AFA2E00F3A17}.Release|Any CPU.ActiveCfg = Release|Any CPU
		{1ED2F70F-882E-4E15-8604-AFA2E00F3A17}.Release|Any CPU.Build.0 = Release|Any CPU
		{1ED2F70F-882E-4E15-8604-AFA2E00F3A17}.Release|Mixed Platforms.ActiveCfg = Release|Any CPU
		{1ED2F70F-882E-4E15-8604-AFA2E00F3A17}.Release|Mixed Platforms.Build.0 = Release|Any CPU
		{1ED2F70F-882E-4E15-8604-AFA2E00F3A17}.Release|x86.ActiveCfg = Release|Any CPU
		{27186199-B389-422A-B11F-91A18954D617}.Debug|Any CPU.ActiveCfg = Debug|Any CPU
		{27186199-B389-422A-B11F-91A18954D617}.Debug|Any CPU.Build.0 = Debug|Any CPU
		{27186199-B389-422A-B11F-91A18954D617}.Debug|Mixed Platforms.ActiveCfg = Debug|Any CPU
		{27186199-B389-422A-B11F-91A18954D617}.Debug|Mixed Platforms.Build.0 = Debug|Any CPU
		{27186199-B389-422A-B11F-91A18954D617}.Debug|x86.ActiveCfg = Debug|Any CPU
		{27186199-B389-422A-B11F-91A18954D617}.Release|Any CPU.ActiveCfg = Release|Any CPU
		{27186199-B389-422A-B11F-91A18954D617}.Release|Any CPU.Build.0 = Release|Any CPU
		{27186199-B389-422A-B11F-91A18954D617}.Release|Mixed Platforms.ActiveCfg = Release|Any CPU
		{27186199-B389-422A-B11F-91A18954D617}.Release|Mixed Platforms.Build.0 = Release|Any CPU
		{27186199-B389-422A-B11F-91A18954D617}.Release|x86.ActiveCfg = Release|Any CPU
		{2B30F5D1-64B6-4464-8034-69BD8FE36560}.Debug|Any CPU.ActiveCfg = Debug|Any CPU
		{2B30F5D1-64B6-4464-8034-69BD8FE36560}.Debug|Any CPU.Build.0 = Debug|Any CPU
		{2B30F5D1-64B6-4464-8034-69BD8FE36560}.Debug|Mixed Platforms.ActiveCfg = Debug|Any CPU
		{2B30F5D1-64B6-4464-8034-69BD8FE36560}.Debug|Mixed Platforms.Build.0 = Debug|Any CPU
		{2B30F5D1-64B6-4464-8034-69BD8FE36560}.Debug|x86.ActiveCfg = Debug|Any CPU
		{2B30F5D1-64B6-4464-8034-69BD8FE36560}.Release|Any CPU.ActiveCfg = Release|Any CPU
		{2B30F5D1-64B6-4464-8034-69BD8FE36560}.Release|Any CPU.Build.0 = Release|Any CPU
		{2B30F5D1-64B6-4464-8034-69BD8FE36560}.Release|Mixed Platforms.ActiveCfg = Release|Any CPU
		{2B30F5D1-64B6-4464-8034-69BD8FE36560}.Release|Mixed Platforms.Build.0 = Release|Any CPU
		{2B30F5D1-64B6-4464-8034-69BD8FE36560}.Release|x86.ActiveCfg = Release|Any CPU
		{2EB03513-114C-4C63-A874-FE5744076335}.Debug|Any CPU.ActiveCfg = Debug|Any CPU
		{2EB03513-114C-4C63-A874-FE5744076335}.Debug|Any CPU.Build.0 = Debug|Any CPU
		{2EB03513-114C-4C63-A874-FE5744076335}.Debug|Mixed Platforms.ActiveCfg = Debug|Any CPU
		{2EB03513-114C-4C63-A874-FE5744076335}.Debug|Mixed Platforms.Build.0 = Debug|Any CPU
		{2EB03513-114C-4C63-A874-FE5744076335}.Debug|x86.ActiveCfg = Debug|Any CPU
		{2EB03513-114C-4C63-A874-FE5744076335}.Release|Any CPU.ActiveCfg = Release|Any CPU
		{2EB03513-114C-4C63-A874-FE5744076335}.Release|Any CPU.Build.0 = Release|Any CPU
		{2EB03513-114C-4C63-A874-FE5744076335}.Release|Mixed Platforms.ActiveCfg = Release|Any CPU
		{2EB03513-114C-4C63-A874-FE5744076335}.Release|Mixed Platforms.Build.0 = Release|Any CPU
		{2EB03513-114C-4C63-A874-FE5744076335}.Release|x86.ActiveCfg = Release|Any CPU
		{48DCFF18-BC78-44F9-AD9B-9C5A35A73023}.Debug|Any CPU.ActiveCfg = Debug|Any CPU
		{48DCFF18-BC78-44F9-AD9B-9C5A35A73023}.Debug|Any CPU.Build.0 = Debug|Any CPU
		{48DCFF18-BC78-44F9-AD9B-9C5A35A73023}.Debug|Mixed Platforms.ActiveCfg = Debug|Any CPU
		{48DCFF18-BC78-44F9-AD9B-9C5A35A73023}.Debug|Mixed Platforms.Build.0 = Debug|Any CPU
		{48DCFF18-BC78-44F9-AD9B-9C5A35A73023}.Debug|x86.ActiveCfg = Debug|Any CPU
		{48DCFF18-BC78-44F9-AD9B-9C5A35A73023}.Release|Any CPU.ActiveCfg = Release|Any CPU
		{48DCFF18-BC78-44F9-AD9B-9C5A35A73023}.Release|Any CPU.Build.0 = Release|Any CPU
		{48DCFF18-BC78-44F9-AD9B-9C5A35A73023}.Release|Mixed Platforms.ActiveCfg = Release|Any CPU
		{48DCFF18-BC78-44F9-AD9B-9C5A35A73023}.Release|Mixed Platforms.Build.0 = Release|Any CPU
		{48DCFF18-BC78-44F9-AD9B-9C5A35A73023}.Release|x86.ActiveCfg = Release|Any CPU
		{49F6B357-35AE-498A-9E5A-67AA62A327C6}.Debug|Any CPU.ActiveCfg = Debug|Any CPU
		{49F6B357-35AE-498A-9E5A-67AA62A327C6}.Debug|Any CPU.Build.0 = Debug|Any CPU
		{49F6B357-35AE-498A-9E5A-67AA62A327C6}.Debug|Mixed Platforms.ActiveCfg = Debug|Any CPU
		{49F6B357-35AE-498A-9E5A-67AA62A327C6}.Debug|Mixed Platforms.Build.0 = Debug|Any CPU
		{49F6B357-35AE-498A-9E5A-67AA62A327C6}.Debug|x86.ActiveCfg = Debug|Any CPU
		{49F6B357-35AE-498A-9E5A-67AA62A327C6}.Release|Any CPU.ActiveCfg = Release|Any CPU
		{49F6B357-35AE-498A-9E5A-67AA62A327C6}.Release|Any CPU.Build.0 = Release|Any CPU
		{49F6B357-35AE-498A-9E5A-67AA62A327C6}.Release|Mixed Platforms.ActiveCfg = Release|Any CPU
		{49F6B357-35AE-498A-9E5A-67AA62A327C6}.Release|Mixed Platforms.Build.0 = Release|Any CPU
		{49F6B357-35AE-498A-9E5A-67AA62A327C6}.Release|x86.ActiveCfg = Release|Any CPU
		{584318B9-0059-4AC2-98E2-F8D6E32CF71E}.Debug|Any CPU.ActiveCfg = Debug|Any CPU
		{584318B9-0059-4AC2-98E2-F8D6E32CF71E}.Debug|Any CPU.Build.0 = Debug|Any CPU
		{584318B9-0059-4AC2-98E2-F8D6E32CF71E}.Debug|Mixed Platforms.ActiveCfg = Debug|Any CPU
		{584318B9-0059-4AC2-98E2-F8D6E32CF71E}.Debug|Mixed Platforms.Build.0 = Debug|Any CPU
		{584318B9-0059-4AC2-98E2-F8D6E32CF71E}.Debug|x86.ActiveCfg = Debug|Any CPU
		{584318B9-0059-4AC2-98E2-F8D6E32CF71E}.Release|Any CPU.ActiveCfg = Release|Any CPU
		{584318B9-0059-4AC2-98E2-F8D6E32CF71E}.Release|Any CPU.Build.0 = Release|Any CPU
		{584318B9-0059-4AC2-98E2-F8D6E32CF71E}.Release|Mixed Platforms.ActiveCfg = Release|Any CPU
		{584318B9-0059-4AC2-98E2-F8D6E32CF71E}.Release|Mixed Platforms.Build.0 = Release|Any CPU
		{584318B9-0059-4AC2-98E2-F8D6E32CF71E}.Release|x86.ActiveCfg = Release|Any CPU
		{5FFBD863-02CA-4962-BC7A-E9BDBF85BEC4}.Debug|Any CPU.ActiveCfg = Debug|x86
		{5FFBD863-02CA-4962-BC7A-E9BDBF85BEC4}.Debug|Mixed Platforms.ActiveCfg = Debug|x86
		{5FFBD863-02CA-4962-BC7A-E9BDBF85BEC4}.Debug|Mixed Platforms.Build.0 = Debug|x86
		{5FFBD863-02CA-4962-BC7A-E9BDBF85BEC4}.Debug|x86.ActiveCfg = Debug|x86
		{5FFBD863-02CA-4962-BC7A-E9BDBF85BEC4}.Debug|x86.Build.0 = Debug|x86
		{5FFBD863-02CA-4962-BC7A-E9BDBF85BEC4}.Release|Any CPU.ActiveCfg = Release|x86
		{5FFBD863-02CA-4962-BC7A-E9BDBF85BEC4}.Release|Mixed Platforms.ActiveCfg = Release|x86
		{5FFBD863-02CA-4962-BC7A-E9BDBF85BEC4}.Release|Mixed Platforms.Build.0 = Release|x86
		{5FFBD863-02CA-4962-BC7A-E9BDBF85BEC4}.Release|x86.ActiveCfg = Release|x86
		{5FFBD863-02CA-4962-BC7A-E9BDBF85BEC4}.Release|x86.Build.0 = Release|x86
		{73509EA4-FE36-4168-B56A-FE42C1BDDCB7}.Debug|Any CPU.ActiveCfg = Debug|Any CPU
		{73509EA4-FE36-4168-B56A-FE42C1BDDCB7}.Debug|Any CPU.Build.0 = Debug|Any CPU
		{73509EA4-FE36-4168-B56A-FE42C1BDDCB7}.Debug|Mixed Platforms.ActiveCfg = Debug|Any CPU
		{73509EA4-FE36-4168-B56A-FE42C1BDDCB7}.Debug|Mixed Platforms.Build.0 = Debug|Any CPU
		{73509EA4-FE36-4168-B56A-FE42C1BDDCB7}.Debug|x86.ActiveCfg = Debug|Any CPU
		{73509EA4-FE36-4168-B56A-FE42C1BDDCB7}.Release|Any CPU.ActiveCfg = Release|Any CPU
		{73509EA4-FE36-4168-B56A-FE42C1BDDCB7}.Release|Any CPU.Build.0 = Release|Any CPU
		{73509EA4-FE36-4168-B56A-FE42C1BDDCB7}.Release|Mixed Platforms.ActiveCfg = Release|Any CPU
		{73509EA4-FE36-4168-B56A-FE42C1BDDCB7}.Release|Mixed Platforms.Build.0 = Release|Any CPU
		{73509EA4-FE36-4168-B56A-FE42C1BDDCB7}.Release|x86.ActiveCfg = Release|Any CPU
		{746FADF2-D613-4FFD-8551-2181ADAE3CD1}.Debug|Any CPU.ActiveCfg = Debug|Any CPU
		{746FADF2-D613-4FFD-8551-2181ADAE3CD1}.Debug|Any CPU.Build.0 = Debug|Any CPU
		{746FADF2-D613-4FFD-8551-2181ADAE3CD1}.Debug|Mixed Platforms.ActiveCfg = Debug|Any CPU
		{746FADF2-D613-4FFD-8551-2181ADAE3CD1}.Debug|Mixed Platforms.Build.0 = Debug|Any CPU
		{746FADF2-D613-4FFD-8551-2181ADAE3CD1}.Debug|x86.ActiveCfg = Debug|Any CPU
		{746FADF2-D613-4FFD-8551-2181ADAE3CD1}.Release|Any CPU.ActiveCfg = Release|Any CPU
		{746FADF2-D613-4FFD-8551-2181ADAE3CD1}.Release|Any CPU.Build.0 = Release|Any CPU
		{746FADF2-D613-4FFD-8551-2181ADAE3CD1}.Release|Mixed Platforms.ActiveCfg = Release|Any CPU
		{746FADF2-D613-4FFD-8551-2181ADAE3CD1}.Release|Mixed Platforms.Build.0 = Release|Any CPU
		{746FADF2-D613-4FFD-8551-2181ADAE3CD1}.Release|x86.ActiveCfg = Release|Any CPU
		{9B217880-48AE-43B6-AE1F-DC732FCCBC7A}.Debug|Any CPU.ActiveCfg = Debug|Any CPU
		{9B217880-48AE-43B6-AE1F-DC732FCCBC7A}.Debug|Any CPU.Build.0 = Debug|Any CPU
		{9B217880-48AE-43B6-AE1F-DC732FCCBC7A}.Debug|Mixed Platforms.ActiveCfg = Debug|Any CPU
		{9B217880-48AE-43B6-AE1F-DC732FCCBC7A}.Debug|Mixed Platforms.Build.0 = Debug|Any CPU
		{9B217880-48AE-43B6-AE1F-DC732FCCBC7A}.Debug|x86.ActiveCfg = Debug|Any CPU
		{9B217880-48AE-43B6-AE1F-DC732FCCBC7A}.Release|Any CPU.ActiveCfg = Release|Any CPU
		{9B217880-48AE-43B6-AE1F-DC732FCCBC7A}.Release|Any CPU.Build.0 = Release|Any CPU
		{9B217880-48AE-43B6-AE1F-DC732FCCBC7A}.Release|Mixed Platforms.ActiveCfg = Release|Any CPU
		{9B217880-48AE-43B6-AE1F-DC732FCCBC7A}.Release|Mixed Platforms.Build.0 = Release|Any CPU
		{9B217880-48AE-43B6-AE1F-DC732FCCBC7A}.Release|x86.ActiveCfg = Release|Any CPU
		{BB18F36C-2E9B-4E59-BFA5-3EA93881193C}.Debug|Any CPU.ActiveCfg = Debug|Any CPU
		{BB18F36C-2E9B-4E59-BFA5-3EA93881193C}.Debug|Any CPU.Build.0 = Debug|Any CPU
		{BB18F36C-2E9B-4E59-BFA5-3EA93881193C}.Debug|Mixed Platforms.ActiveCfg = Debug|Any CPU
		{BB18F36C-2E9B-4E59-BFA5-3EA93881193C}.Debug|Mixed Platforms.Build.0 = Debug|Any CPU
		{BB18F36C-2E9B-4E59-BFA5-3EA93881193C}.Debug|x86.ActiveCfg = Debug|Any CPU
		{BB18F36C-2E9B-4E59-BFA5-3EA93881193C}.Release|Any CPU.ActiveCfg = Release|Any CPU
		{BB18F36C-2E9B-4E59-BFA5-3EA93881193C}.Release|Any CPU.Build.0 = Release|Any CPU
		{BB18F36C-2E9B-4E59-BFA5-3EA93881193C}.Release|Mixed Platforms.ActiveCfg = Release|Any CPU
		{BB18F36C-2E9B-4E59-BFA5-3EA93881193C}.Release|Mixed Platforms.Build.0 = Release|Any CPU
		{BB18F36C-2E9B-4E59-BFA5-3EA93881193C}.Release|x86.ActiveCfg = Release|Any CPU
		{C017FBBE-EF10-4030-A69E-204E766C8F9D}.Debug|Any CPU.ActiveCfg = Debug|Any CPU
		{C017FBBE-EF10-4030-A69E-204E766C8F9D}.Debug|Any CPU.Build.0 = Debug|Any CPU
		{C017FBBE-EF10-4030-A69E-204E766C8F9D}.Debug|Mixed Platforms.ActiveCfg = Debug|Any CPU
		{C017FBBE-EF10-4030-A69E-204E766C8F9D}.Debug|Mixed Platforms.Build.0 = Debug|Any CPU
		{C017FBBE-EF10-4030-A69E-204E766C8F9D}.Debug|x86.ActiveCfg = Debug|Any CPU
		{C017FBBE-EF10-4030-A69E-204E766C8F9D}.Release|Any CPU.ActiveCfg = Release|Any CPU
		{C017FBBE-EF10-4030-A69E-204E766C8F9D}.Release|Any CPU.Build.0 = Release|Any CPU
		{C017FBBE-EF10-4030-A69E-204E766C8F9D}.Release|Mixed Platforms.ActiveCfg = Release|Any CPU
		{C017FBBE-EF10-4030-A69E-204E766C8F9D}.Release|Mixed Platforms.Build.0 = Release|Any CPU
		{C017FBBE-EF10-4030-A69E-204E766C8F9D}.Release|x86.ActiveCfg = Release|Any CPU
		{C1E966E7-EAC4-4962-9354-4F5382C2C176}.Debug|Any CPU.ActiveCfg = Debug|Any CPU
		{C1E966E7-EAC4-4962-9354-4F5382C2C176}.Debug|Any CPU.Build.0 = Debug|Any CPU
		{C1E966E7-EAC4-4962-9354-4F5382C2C176}.Debug|Mixed Platforms.ActiveCfg = Debug|Any CPU
		{C1E966E7-EAC4-4962-9354-4F5382C2C176}.Debug|Mixed Platforms.Build.0 = Debug|Any CPU
		{C1E966E7-EAC4-4962-9354-4F5382C2C176}.Debug|x86.ActiveCfg = Debug|Any CPU
		{C1E966E7-EAC4-4962-9354-4F5382C2C176}.Release|Any CPU.ActiveCfg = Release|Any CPU
		{C1E966E7-EAC4-4962-9354-4F5382C2C176}.Release|Any CPU.Build.0 = Release|Any CPU
		{C1E966E7-EAC4-4962-9354-4F5382C2C176}.Release|Mixed Platforms.ActiveCfg = Release|Any CPU
		{C1E966E7-EAC4-4962-9354-4F5382C2C176}.Release|Mixed Platforms.Build.0 = Release|Any CPU
		{C1E966E7-EAC4-4962-9354-4F5382C2C176}.Release|x86.ActiveCfg = Release|Any CPU
		{C93718FB-6BA5-4F70-96C7-E9BE0D643899}.Debug|Any CPU.ActiveCfg = Debug|x86
		{C93718FB-6BA5-4F70-96C7-E9BE0D643899}.Debug|Mixed Platforms.ActiveCfg = Debug|x86
		{C93718FB-6BA5-4F70-96C7-E9BE0D643899}.Debug|Mixed Platforms.Build.0 = Debug|x86
		{C93718FB-6BA5-4F70-96C7-E9BE0D643899}.Debug|x86.ActiveCfg = Debug|x86
		{C93718FB-6BA5-4F70-96C7-E9BE0D643899}.Debug|x86.Build.0 = Debug|x86
		{C93718FB-6BA5-4F70-96C7-E9BE0D643899}.Release|Any CPU.ActiveCfg = Release|x86
		{C93718FB-6BA5-4F70-96C7-E9BE0D643899}.Release|Mixed Platforms.ActiveCfg = Release|x86
		{C93718FB-6BA5-4F70-96C7-E9BE0D643899}.Release|Mixed Platforms.Build.0 = Release|x86
		{C93718FB-6BA5-4F70-96C7-E9BE0D643899}.Release|x86.ActiveCfg = Release|x86
		{C93718FB-6BA5-4F70-96C7-E9BE0D643899}.Release|x86.Build.0 = Release|x86
		{D0A13475-C3AD-4542-98D8-74C321483F1B}.Debug|Any CPU.ActiveCfg = Debug|Any CPU
		{D0A13475-C3AD-4542-98D8-74C321483F1B}.Debug|Any CPU.Build.0 = Debug|Any CPU
		{D0A13475-C3AD-4542-98D8-74C321483F1B}.Debug|Mixed Platforms.ActiveCfg = Debug|Any CPU
		{D0A13475-C3AD-4542-98D8-74C321483F1B}.Debug|Mixed Platforms.Build.0 = Debug|Any CPU
		{D0A13475-C3AD-4542-98D8-74C321483F1B}.Debug|x86.ActiveCfg = Debug|Any CPU
		{D0A13475-C3AD-4542-98D8-74C321483F1B}.Release|Any CPU.ActiveCfg = Release|Any CPU
		{D0A13475-C3AD-4542-98D8-74C321483F1B}.Release|Any CPU.Build.0 = Release|Any CPU
		{D0A13475-C3AD-4542-98D8-74C321483F1B}.Release|Mixed Platforms.ActiveCfg = Release|Any CPU
		{D0A13475-C3AD-4542-98D8-74C321483F1B}.Release|Mixed Platforms.Build.0 = Release|Any CPU
		{D0A13475-C3AD-4542-98D8-74C321483F1B}.Release|x86.ActiveCfg = Release|Any CPU
		{DE16548A-DB4C-4249-A25A-30EA35836EF7}.Debug|Any CPU.ActiveCfg = Debug|Any CPU
		{DE16548A-DB4C-4249-A25A-30EA35836EF7}.Debug|Any CPU.Build.0 = Debug|Any CPU
		{DE16548A-DB4C-4249-A25A-30EA35836EF7}.Debug|Mixed Platforms.ActiveCfg = Debug|Any CPU
		{DE16548A-DB4C-4249-A25A-30EA35836EF7}.Debug|Mixed Platforms.Build.0 = Debug|Any CPU
		{DE16548A-DB4C-4249-A25A-30EA35836EF7}.Debug|x86.ActiveCfg = Debug|Any CPU
		{DE16548A-DB4C-4249-A25A-30EA35836EF7}.Release|Any CPU.ActiveCfg = Release|Any CPU
		{DE16548A-DB4C-4249-A25A-30EA35836EF7}.Release|Any CPU.Build.0 = Release|Any CPU
		{DE16548A-DB4C-4249-A25A-30EA35836EF7}.Release|Mixed Platforms.ActiveCfg = Release|Any CPU
		{DE16548A-DB4C-4249-A25A-30EA35836EF7}.Release|Mixed Platforms.Build.0 = Release|Any CPU
		{DE16548A-DB4C-4249-A25A-30EA35836EF7}.Release|x86.ActiveCfg = Release|Any CPU
		{E0F38C2B-8C1A-4CF6-A96C-D2FADAF1F7E6}.Debug|Any CPU.ActiveCfg = Debug|x86
		{E0F38C2B-8C1A-4CF6-A96C-D2FADAF1F7E6}.Debug|Mixed Platforms.ActiveCfg = Debug|x86
		{E0F38C2B-8C1A-4CF6-A96C-D2FADAF1F7E6}.Debug|Mixed Platforms.Build.0 = Debug|x86
		{E0F38C2B-8C1A-4CF6-A96C-D2FADAF1F7E6}.Debug|x86.ActiveCfg = Debug|x86
		{E0F38C2B-8C1A-4CF6-A96C-D2FADAF1F7E6}.Debug|x86.Build.0 = Debug|x86
		{E0F38C2B-8C1A-4CF6-A96C-D2FADAF1F7E6}.Release|Any CPU.ActiveCfg = Release|x86
		{E0F38C2B-8C1A-4CF6-A96C-D2FADAF1F7E6}.Release|Mixed Platforms.ActiveCfg = Release|x86
		{E0F38C2B-8C1A-4CF6-A96C-D2FADAF1F7E6}.Release|Mixed Platforms.Build.0 = Release|x86
		{E0F38C2B-8C1A-4CF6-A96C-D2FADAF1F7E6}.Release|x86.ActiveCfg = Release|x86
		{E0F38C2B-8C1A-4CF6-A96C-D2FADAF1F7E6}.Release|x86.Build.0 = Release|x86
		{F383656E-9DCC-4DE5-B885-1E53993AA171}.Debug|Any CPU.ActiveCfg = Debug|Any CPU
		{F383656E-9DCC-4DE5-B885-1E53993AA171}.Debug|Any CPU.Build.0 = Debug|Any CPU
		{F383656E-9DCC-4DE5-B885-1E53993AA171}.Debug|Mixed Platforms.ActiveCfg = Debug|Any CPU
		{F383656E-9DCC-4DE5-B885-1E53993AA171}.Debug|Mixed Platforms.Build.0 = Debug|Any CPU
		{F383656E-9DCC-4DE5-B885-1E53993AA171}.Debug|x86.ActiveCfg = Debug|Any CPU
		{F383656E-9DCC-4DE5-B885-1E53993AA171}.Release|Any CPU.ActiveCfg = Release|Any CPU
		{F383656E-9DCC-4DE5-B885-1E53993AA171}.Release|Any CPU.Build.0 = Release|Any CPU
		{F383656E-9DCC-4DE5-B885-1E53993AA171}.Release|Mixed Platforms.ActiveCfg = Release|Any CPU
		{F383656E-9DCC-4DE5-B885-1E53993AA171}.Release|Mixed Platforms.Build.0 = Release|Any CPU
		{F383656E-9DCC-4DE5-B885-1E53993AA171}.Release|x86.ActiveCfg = Release|Any CPU
		{FD75FF71-53EE-439D-A0CA-2787DAC59A09}.Debug|Any CPU.ActiveCfg = Debug|Any CPU
		{FD75FF71-53EE-439D-A0CA-2787DAC59A09}.Debug|Any CPU.Build.0 = Debug|Any CPU
		{FD75FF71-53EE-439D-A0CA-2787DAC59A09}.Debug|Mixed Platforms.ActiveCfg = Debug|Any CPU
		{FD75FF71-53EE-439D-A0CA-2787DAC59A09}.Debug|Mixed Platforms.Build.0 = Debug|Any CPU
		{FD75FF71-53EE-439D-A0CA-2787DAC59A09}.Debug|x86.ActiveCfg = Debug|Any CPU
		{FD75FF71-53EE-439D-A0CA-2787DAC59A09}.Release|Any CPU.ActiveCfg = Release|Any CPU
		{FD75FF71-53EE-439D-A0CA-2787DAC59A09}.Release|Any CPU.Build.0 = Release|Any CPU
		{FD75FF71-53EE-439D-A0CA-2787DAC59A09}.Release|Mixed Platforms.ActiveCfg = Release|Any CPU
		{FD75FF71-53EE-439D-A0CA-2787DAC59A09}.Release|Mixed Platforms.Build.0 = Release|Any CPU
		{FD75FF71-53EE-439D-A0CA-2787DAC59A09}.Release|x86.ActiveCfg = Release|Any CPU
	EndGlobalSection
	GlobalSection(SolutionProperties) = preSolution
		HideSolutionNode = FALSE
	EndGlobalSection
EndGlobal
