
Microsoft Visual Studio Solution File, Format Version 11.00
# Visual Studio 2010
Project("{FAE04EC0-301F-11D3-BF4B-00C04F79EFBC}") = "CSharpUtils", "CSharpUtils\CSharpUtils.csproj", "{746FADF2-D613-4FFD-8551-2181ADAE3CD1}"
EndProject
Project("{FAE04EC0-301F-11D3-BF4B-00C04F79EFBC}") = "CSharpUtilsTests", "CSharpUtilsTests\CSharpUtilsTests.csproj", "{1ED2F70F-882E-4E15-8604-AFA2E00F3A17}"
EndProject
Project("{2150E333-8FDC-42A3-9474-1A3956D46DE8}") = "Solution Items", "Solution Items", "{AA9876EB-235B-47B7-9ADD-F9D55D033BD3}"
	ProjectSection(SolutionItems) = preProject
		CSharpUtils.vsmdi = CSharpUtils.vsmdi
		Local.testsettings = Local.testsettings
		TraceAndTestImpact.testsettings = TraceAndTestImpact.testsettings
	EndProjectSection
EndProject
Project("{FAE04EC0-301F-11D3-BF4B-00C04F79EFBC}") = "CSharpUtilsDokanMount", "CSharpUtilsDokanMount\CSharpUtilsDokanMount.csproj", "{E0F38C2B-8C1A-4CF6-A96C-D2FADAF1F7E6}"
EndProject
Project("{FAE04EC0-301F-11D3-BF4B-00C04F79EFBC}") = "CSharpUtilsFastcgiTest", "CSharpUtilsFastcgiTest\CSharpUtilsFastcgiTest.csproj", "{5FFBD863-02CA-4962-BC7A-E9BDBF85BEC4}"
EndProject
Project("{FAE04EC0-301F-11D3-BF4B-00C04F79EFBC}") = "CSharpUtilsTemplateTest", "CSharpUtilsTemplateTest\CSharpUtilsTemplateTest.csproj", "{C93718FB-6BA5-4F70-96C7-E9BE0D643899}"
EndProject
Global
	GlobalSection(TestCaseManagementSettings) = postSolution
		CategoryFile = CSharpUtils.vsmdi
	EndGlobalSection
	GlobalSection(SolutionConfigurationPlatforms) = preSolution
		Debug|Any CPU = Debug|Any CPU
		Debug|Mixed Platforms = Debug|Mixed Platforms
		Debug|x86 = Debug|x86
		Release|Any CPU = Release|Any CPU
		Release|Mixed Platforms = Release|Mixed Platforms
		Release|x86 = Release|x86
	EndGlobalSection
	GlobalSection(ProjectConfigurationPlatforms) = postSolution
		{746FADF2-D613-4FFD-8551-2181ADAE3CD1}.Debug|Any CPU.ActiveCfg = Debug|Any CPU
		{746FADF2-D613-4FFD-8551-2181ADAE3CD1}.Debug|Any CPU.Build.0 = Debug|Any CPU
		{746FADF2-D613-4FFD-8551-2181ADAE3CD1}.Debug|Mixed Platforms.ActiveCfg = Debug|Any CPU
		{746FADF2-D613-4FFD-8551-2181ADAE3CD1}.Debug|Mixed Platforms.Build.0 = Debug|Any CPU
		{746FADF2-D613-4FFD-8551-2181ADAE3CD1}.Debug|x86.ActiveCfg = Debug|Any CPU
		{746FADF2-D613-4FFD-8551-2181ADAE3CD1}.Release|Any CPU.ActiveCfg = Release|Any CPU
		{746FADF2-D613-4FFD-8551-2181ADAE3CD1}.Release|Any CPU.Build.0 = Release|Any CPU
		{746FADF2-D613-4FFD-8551-2181ADAE3CD1}.Release|Mixed Platforms.ActiveCfg = Release|Any CPU
		{746FADF2-D613-4FFD-8551-2181ADAE3CD1}.Release|Mixed Platforms.Build.0 = Release|Any CPU
		{746FADF2-D613-4FFD-8551-2181ADAE3CD1}.Release|x86.ActiveCfg = Release|Any CPU
		{1ED2F70F-882E-4E15-8604-AFA2E00F3A17}.Debug|Any CPU.ActiveCfg = Debug|Any CPU
		{1ED2F70F-882E-4E15-8604-AFA2E00F3A17}.Debug|Any CPU.Build.0 = Debug|Any CPU
		{1ED2F70F-882E-4E15-8604-AFA2E00F3A17}.Debug|Mixed Platforms.ActiveCfg = Debug|Any CPU
		{1ED2F70F-882E-4E15-8604-AFA2E00F3A17}.Debug|Mixed Platforms.Build.0 = Debug|Any CPU
		{1ED2F70F-882E-4E15-8604-AFA2E00F3A17}.Debug|x86.ActiveCfg = Debug|Any CPU
		{1ED2F70F-882E-4E15-8604-AFA2E00F3A17}.Release|Any CPU.ActiveCfg = Release|Any CPU
		{1ED2F70F-882E-4E15-8604-AFA2E00F3A17}.Release|Any CPU.Build.0 = Release|Any CPU
		{1ED2F70F-882E-4E15-8604-AFA2E00F3A17}.Release|Mixed Platforms.ActiveCfg = Release|Any CPU
		{1ED2F70F-882E-4E15-8604-AFA2E00F3A17}.Release|Mixed Platforms.Build.0 = Release|Any CPU
		{1ED2F70F-882E-4E15-8604-AFA2E00F3A17}.Release|x86.ActiveCfg = Release|Any CPU
		{E0F38C2B-8C1A-4CF6-A96C-D2FADAF1F7E6}.Debug|Any CPU.ActiveCfg = Debug|x86
		{E0F38C2B-8C1A-4CF6-A96C-D2FADAF1F7E6}.Debug|Mixed Platforms.ActiveCfg = Debug|x86
		{E0F38C2B-8C1A-4CF6-A96C-D2FADAF1F7E6}.Debug|Mixed Platforms.Build.0 = Debug|x86
		{E0F38C2B-8C1A-4CF6-A96C-D2FADAF1F7E6}.Debug|x86.ActiveCfg = Debug|x86
		{E0F38C2B-8C1A-4CF6-A96C-D2FADAF1F7E6}.Debug|x86.Build.0 = Debug|x86
		{E0F38C2B-8C1A-4CF6-A96C-D2FADAF1F7E6}.Release|Any CPU.ActiveCfg = Release|x86
		{E0F38C2B-8C1A-4CF6-A96C-D2FADAF1F7E6}.Release|Mixed Platforms.ActiveCfg = Release|x86
		{E0F38C2B-8C1A-4CF6-A96C-D2FADAF1F7E6}.Release|Mixed Platforms.Build.0 = Release|x86
		{E0F38C2B-8C1A-4CF6-A96C-D2FADAF1F7E6}.Release|x86.ActiveCfg = Release|x86
		{E0F38C2B-8C1A-4CF6-A96C-D2FADAF1F7E6}.Release|x86.Build.0 = Release|x86
		{5FFBD863-02CA-4962-BC7A-E9BDBF85BEC4}.Debug|Any CPU.ActiveCfg = Debug|x86
		{5FFBD863-02CA-4962-BC7A-E9BDBF85BEC4}.Debug|Mixed Platforms.ActiveCfg = Debug|x86
		{5FFBD863-02CA-4962-BC7A-E9BDBF85BEC4}.Debug|Mixed Platforms.Build.0 = Debug|x86
		{5FFBD863-02CA-4962-BC7A-E9BDBF85BEC4}.Debug|x86.ActiveCfg = Debug|x86
		{5FFBD863-02CA-4962-BC7A-E9BDBF85BEC4}.Debug|x86.Build.0 = Debug|x86
		{5FFBD863-02CA-4962-BC7A-E9BDBF85BEC4}.Release|Any CPU.ActiveCfg = Release|x86
		{5FFBD863-02CA-4962-BC7A-E9BDBF85BEC4}.Release|Mixed Platforms.ActiveCfg = Release|x86
		{5FFBD863-02CA-4962-BC7A-E9BDBF85BEC4}.Release|Mixed Platforms.Build.0 = Release|x86
		{5FFBD863-02CA-4962-BC7A-E9BDBF85BEC4}.Release|x86.ActiveCfg = Release|x86
		{5FFBD863-02CA-4962-BC7A-E9BDBF85BEC4}.Release|x86.Build.0 = Release|x86
		{C93718FB-6BA5-4F70-96C7-E9BE0D643899}.Debug|Any CPU.ActiveCfg = Debug|x86
		{C93718FB-6BA5-4F70-96C7-E9BE0D643899}.Debug|Mixed Platforms.ActiveCfg = Debug|x86
		{C93718FB-6BA5-4F70-96C7-E9BE0D643899}.Debug|Mixed Platforms.Build.0 = Debug|x86
		{C93718FB-6BA5-4F70-96C7-E9BE0D643899}.Debug|x86.ActiveCfg = Debug|x86
		{C93718FB-6BA5-4F70-96C7-E9BE0D643899}.Debug|x86.Build.0 = Debug|x86
		{C93718FB-6BA5-4F70-96C7-E9BE0D643899}.Release|Any CPU.ActiveCfg = Release|x86
		{C93718FB-6BA5-4F70-96C7-E9BE0D643899}.Release|Mixed Platforms.ActiveCfg = Release|x86
		{C93718FB-6BA5-4F70-96C7-E9BE0D643899}.Release|Mixed Platforms.Build.0 = Release|x86
		{C93718FB-6BA5-4F70-96C7-E9BE0D643899}.Release|x86.ActiveCfg = Release|x86
		{C93718FB-6BA5-4F70-96C7-E9BE0D643899}.Release|x86.Build.0 = Release|x86
	EndGlobalSection
	GlobalSection(SolutionProperties) = preSolution
		HideSolutionNode = FALSE
	EndGlobalSection
EndGlobal
